PODS:
  - Google-Mobile-Ads-SDK (7.31.0)
  - LmMobSDK (4.0.0):
    - Google-Mobile-Ads-SDK (~> 7.31.0)
    - VungleSDK-iOS (~> 6.2.0)
  - VungleSDK-iOS (6.2.0)

DEPENDENCIES:
  - LmMobSDK (~> 4.0.0)

SPEC REPOS:
  https://github.com/cocoapods/specs.git:
    - Google-Mobile-Ads-SDK
    - LmMobSDK
    - VungleSDK-iOS

SPEC CHECKSUMS:
  Google-Mobile-Ads-SDK: 6e529e748b45507a2ca904e0b5a52669ba3920c4
  LmMobSDK: e60094b22c76021fbadf7a085f7ef02cffd48e7d
  VungleSDK-iOS: a8665f4e826ad688135429f4618df4235f8738c7

PODFILE CHECKSUM: 779879c51fe556c3f4725af2d143d2f54c5d1c06

COCOAPODS: 1.5.3
